
Microsoft Visual Studio Solution File, Format Version 12.00
# Visual Studio Version 16
VisualStudioVersion = 16.0.32228.343
MinimumVisualStudioVersion = 10.0.40219.1
Project("{FAE04EC0-301F-11D3-BF4B-00C04F79EFBC}") = "HelloWorld2", "HelloWorld2.csproj", "{434708AE-A733-4CDE-B7DB-0B22A2377D7B}"
EndProject
Global
	GlobalSection(SolutionConfigurationPlatforms) = preSolution
		Debug|Any CPU = Debug|Any CPU
		Release|Any CPU = Release|Any CPU
	EndGlobalSection
	GlobalSection(ProjectConfigurationPlatforms) = postSolution
		{434708AE-A733-4CDE-B7DB-0B22A2377D7B}.Debug|Any CPU.ActiveCfg = Debug|Any CPU
		{434708AE-A733-4CDE-B7DB-0B22A2377D7B}.Debug|Any CPU.Build.0 = Debug|Any CPU
		{434708AE-A733-4CDE-B7DB-0B22A2377D7B}.Release|Any CPU.ActiveCfg = Release|Any CPU
		{434708AE-A733-4CDE-B7DB-0B22A2377D7B}.Release|Any CPU.Build.0 = Release|Any CPU
	EndGlobalSection
	GlobalSection(SolutionProperties) = preSolution
		HideSolutionNode = FALSE
	EndGlobalSection
	GlobalSection(ExtensibilityGlobals) = postSolution
		SolutionGuid = {61D3DD67-BF55-4962-8D3C-E8163B635DDA}
	EndGlobalSection
EndGlobal
