
Microsoft Visual Studio Solution File, Format Version 12.00
# Visual Studio Version 16
VisualStudioVersion = 16.0.32228.343
MinimumVisualStudioVersion = 10.0.40219.1
Project("{FAE04EC0-301F-11D3-BF4B-00C04F79EFBC}") = "DemoLinq2", "DemoLinq2.csproj", "{CED8C188-97CB-4BAC-AF96-CC308CB60B72}"
EndProject
Global
	GlobalSection(SolutionConfigurationPlatforms) = preSolution
		Debug|Any CPU = Debug|Any CPU
		Release|Any CPU = Release|Any CPU
	EndGlobalSection
	GlobalSection(ProjectConfigurationPlatforms) = postSolution
		{CED8C188-97CB-4BAC-AF96-CC308CB60B72}.Debug|Any CPU.ActiveCfg = Debug|Any CPU
		{CED8C188-97CB-4BAC-AF96-CC308CB60B72}.Debug|Any CPU.Build.0 = Debug|Any CPU
		{CED8C188-97CB-4BAC-AF96-CC308CB60B72}.Release|Any CPU.ActiveCfg = Release|Any CPU
		{CED8C188-97CB-4BAC-AF96-CC308CB60B72}.Release|Any CPU.Build.0 = Release|Any CPU
	EndGlobalSection
	GlobalSection(SolutionProperties) = preSolution
		HideSolutionNode = FALSE
	EndGlobalSection
	GlobalSection(ExtensibilityGlobals) = postSolution
		SolutionGuid = {C49A34E4-191C-4DDA-A4FB-A91F138763CD}
	EndGlobalSection
EndGlobal
