
Microsoft Visual Studio Solution File, Format Version 12.00
# Visual Studio Version 16
VisualStudioVersion = 16.0.32228.343
MinimumVisualStudioVersion = 10.0.40219.1
Project("{FAE04EC0-301F-11D3-BF4B-00C04F79EFBC}") = "LeDojo", "LeDojo.csproj", "{09C64D1D-3BB2-4948-A139-E872C061D474}"
EndProject
Project("{FAE04EC0-301F-11D3-BF4B-00C04F79EFBC}") = "BO", "..\Ressources Module 06 - Enonce TP 01\BO.csproj", "{0BBA0441-0AB7-4112-946B-521C9CEC7367}"
EndProject
Global
	GlobalSection(SolutionConfigurationPlatforms) = preSolution
		Debug|Any CPU = Debug|Any CPU
		Release|Any CPU = Release|Any CPU
	EndGlobalSection
	GlobalSection(ProjectConfigurationPlatforms) = postSolution
		{09C64D1D-3BB2-4948-A139-E872C061D474}.Debug|Any CPU.ActiveCfg = Debug|Any CPU
		{09C64D1D-3BB2-4948-A139-E872C061D474}.Debug|Any CPU.Build.0 = Debug|Any CPU
		{09C64D1D-3BB2-4948-A139-E872C061D474}.Release|Any CPU.ActiveCfg = Release|Any CPU
		{09C64D1D-3BB2-4948-A139-E872C061D474}.Release|Any CPU.Build.0 = Release|Any CPU
		{0BBA0441-0AB7-4112-946B-521C9CEC7367}.Debug|Any CPU.ActiveCfg = Debug|Any CPU
		{0BBA0441-0AB7-4112-946B-521C9CEC7367}.Debug|Any CPU.Build.0 = Debug|Any CPU
		{0BBA0441-0AB7-4112-946B-521C9CEC7367}.Release|Any CPU.ActiveCfg = Release|Any CPU
		{0BBA0441-0AB7-4112-946B-521C9CEC7367}.Release|Any CPU.Build.0 = Release|Any CPU
	EndGlobalSection
	GlobalSection(SolutionProperties) = preSolution
		HideSolutionNode = FALSE
	EndGlobalSection
	GlobalSection(ExtensibilityGlobals) = postSolution
		SolutionGuid = {5DFA7D1F-2A14-4032-B441-01377EEE8FE6}
	EndGlobalSection
EndGlobal
